// !$*UTF8*$!
{
	archiveVersion = 1;
	classes = {
	};
	objectVersion = 46;
	objects = {

/* Begin PBXBuildFile section */
		197A2E671F05146E002A1127 /* AppDelegate.swift in Sources */ = {isa = PBXBuildFile; fileRef = 197A2E661F05146E002A1127 /* AppDelegate.swift */; };
		197A2E691F05146E002A1127 /* ViewController.swift in Sources */ = {isa = PBXBuildFile; fileRef = 197A2E681F05146E002A1127 /* ViewController.swift */; };
		197A2E6C1F05146E002A1127 /* Main.storyboard in Resources */ = {isa = PBXBuildFile; fileRef = 197A2E6A1F05146E002A1127 /* Main.storyboard */; };
		197A2E6E1F05146E002A1127 /* Assets.xcassets in Resources */ = {isa = PBXBuildFile; fileRef = 197A2E6D1F05146E002A1127 /* Assets.xcassets */; };
		197A2E711F05146E002A1127 /* LaunchScreen.storyboard in Resources */ = {isa = PBXBuildFile; fileRef = 197A2E6F1F05146E002A1127 /* LaunchScreen.storyboard */; };
		197A2E7C1F05146E002A1127 /* CITestTests.swift in Sources */ = {isa = PBXBuildFile; fileRef = 197A2E7B1F05146E002A1127 /* CITestTests.swift */; };
/* End PBXBuildFile section */

/* Begin PBXContainerItemProxy section */
		197A2E781F05146E002A1127 /* PBXContainerItemProxy */ = {
			isa = PBXContainerItemProxy;
			containerPortal = 197A2E5B1F05146D002A1127 /* Project object */;
			proxyType = 1;
			remoteGlobalIDString = 197A2E621F05146D002A1127;
			remoteInfo = CITest;
		};
/* End PBXContainerItemProxy section */

/* Begin PBXFileReference section */
		197A2E631F05146D002A1127 /* CITest.app */ = {isa = PBXFileReference; explicitFileType = wrapper.application; includeInIndex = 0; path = CITest.app; sourceTree = BUILT_PRODUCTS_DIR; };
		197A2E661F05146E002A1127 /* AppDelegate.swift */ = {isa = PBXFileReference; lastKnownFileType = sourcecode.swift; path = AppDelegate.swift; sourceTree = "<group>"; };
		197A2E681F05146E002A1127 /* ViewController.swift */ = {isa = PBXFileReference; lastKnownFileType = sourcecode.swift; path = ViewController.swift; sourceTree = "<group>"; };
		197A2E6B1F05146E002A1127 /* Base */ = {isa = PBXFileReference; lastKnownFileType = file.storyboard; name = Base; path = Base.lproj/Main.storyboard; sourceTree = "<group>"; };
		197A2E6D1F05146E002A1127 /* Assets.xcassets */ = {isa = PBXFileReference; lastKnownFileType = folder.assetcatalog; path = Assets.xcassets; sourceTree = "<group>"; };
		197A2E701F05146E002A1127 /* Base */ = {isa = PBXFileReference; lastKnownFileType = file.storyboard; name = Base; path = Base.lproj/LaunchScreen.storyboard; sourceTree = "<group>"; };
		197A2E721F05146E002A1127 /* Info.plist */ = {isa = PBXFileReference; lastKnownFileType = text.plist.xml; path = Info.plist; sourceTree = "<group>"; };
		197A2E771F05146E002A1127 /* CITestTests.xctest */ = {isa = PBXFileReference; explicitFileType = wrapper.cfbundle; includeInIndex = 0; path = CITestTests.xctest; sourceTree = BUILT_PRODUCTS_DIR; };
		197A2E7B1F05146E002A1127 /* CITestTests.swift */ = {isa = PBXFileReference; lastKnownFileType = sourcecode.swift; path = CITestTests.swift; sourceTree = "<group>"; };
		197A2E7D1F05146E002A1127 /* Info.plist */ = {isa = PBXFileReference; lastKnownFileType = text.plist.xml; path = Info.plist; sourceTree = "<group>"; };
/* End PBXFileReference section */

/* Begin PBXFrameworksBuildPhase section */
		197A2E601F05146D002A1127 /* Frameworks */ = {
			isa = PBXFrameworksBuildPhase;
			buildActionMask = 2147483647;
			files = (
			);
			runOnlyForDeploymentPostprocessing = 0;
		};
		197A2E741F05146E002A1127 /* Frameworks */ = {
			isa = PBXFrameworksBuildPhase;
			buildActionMask = 2147483647;
			files = (
			);
			runOnlyForDeploymentPostprocessing = 0;
		};
/* End PBXFrameworksBuildPhase section */

/* Begin PBXGroup section */
		197A2E5A1F05146D002A1127 = {
			isa = PBXGroup;
			children = (
				197A2E651F05146D002A1127 /* CITest */,
				197A2E7A1F05146E002A1127 /* CITestTests */,
				197A2E641F05146D002A1127 /* Products */,
			);
			sourceTree = "<group>";
		};
		197A2E641F05146D002A1127 /* Products */ = {
			isa = PBXGroup;
			children = (
				197A2E631F05146D002A1127 /* CITest.app */,
				197A2E771F05146E002A1127 /* CITestTests.xctest */,
			);
			name = Products;
			sourceTree = "<group>";
		};
		197A2E651F05146D002A1127 /* CITest */ = {
			isa = PBXGroup;
			children = (
				197A2E661F05146E002A1127 /* AppDelegate.swift */,
				197A2E681F05146E002A1127 /* ViewController.swift */,
				197A2E6A1F05146E002A1127 /* Main.storyboard */,
				197A2E6D1F05146E002A1127 /* Assets.xcassets */,
				197A2E6F1F05146E002A1127 /* LaunchScreen.storyboard */,
				197A2E721F05146E002A1127 /* Info.plist */,
			);
			path = CITest;
			sourceTree = "<group>";
		};
		197A2E7A1F05146E002A1127 /* CITestTests */ = {
			isa = PBXGroup;
			children = (
				197A2E7B1F05146E002A1127 /* CITestTests.swift */,
				197A2E7D1F05146E002A1127 /* Info.plist */,
			);
			path = CITestTests;
			sourceTree = "<group>";
		};
/* End PBXGroup section */

/* Begin PBXNativeTarget section */
		197A2E621F05146D002A1127 /* CITest */ = {
			isa = PBXNativeTarget;
			buildConfigurationList = 197A2E801F05146E002A1127 /* Build configuration list for PBXNativeTarget "CITest" */;
			buildPhases = (
				197A2E5F1F05146D002A1127 /* Sources */,
				197A2E601F05146D002A1127 /* Frameworks */,
				197A2E611F05146D002A1127 /* Resources */,
			);
			buildRules = (
			);
			dependencies = (
			);
			name = CITest;
			productName = CITest;
			productReference = 197A2E631F05146D002A1127 /* CITest.app */;
			productType = "com.apple.product-type.application";
		};
		197A2E761F05146E002A1127 /* CITestTests */ = {
			isa = PBXNativeTarget;
			buildConfigurationList = 197A2E831F05146E002A1127 /* Build configuration list for PBXNativeTarget "CITestTests" */;
			buildPhases = (
				197A2E731F05146E002A1127 /* Sources */,
				197A2E741F05146E002A1127 /* Frameworks */,
				197A2E751F05146E002A1127 /* Resources */,
			);
			buildRules = (
			);
			dependencies = (
				197A2E791F05146E002A1127 /* PBXTargetDependency */,
			);
			name = CITestTests;
			productName = CITestTests;
			productReference = 197A2E771F05146E002A1127 /* CITestTests.xctest */;
			productType = "com.apple.product-type.bundle.unit-test";
		};
/* End PBXNativeTarget section */

/* Begin PBXProject section */
		197A2E5B1F05146D002A1127 /* Project object */ = {
			isa = PBXProject;
			attributes = {
				LastSwiftUpdateCheck = 0830;
				LastUpgradeCheck = 0830;
				ORGANIZATIONNAME = "Roman Sakhnievych";
				TargetAttributes = {
					197A2E621F05146D002A1127 = {
						CreatedOnToolsVersion = 8.3.2;
						ProvisioningStyle = Automatic;
					};
					197A2E761F05146E002A1127 = {
						CreatedOnToolsVersion = 8.3.2;
						ProvisioningStyle = Automatic;
						TestTargetID = 197A2E621F05146D002A1127;
					};
				};
			};
			buildConfigurationList = 197A2E5E1F05146D002A1127 /* Build configuration list for PBXProject "CITest" */;
			compatibilityVersion = "Xcode 3.2";
			developmentRegion = English;
			hasScannedForEncodings = 0;
			knownRegions = (
				en,
				Base,
			);
			mainGroup = 197A2E5A1F05146D002A1127;
			productRefGroup = 197A2E641F05146D002A1127 /* Products */;
			projectDirPath = "";
			projectRoot = "";
			targets = (
				197A2E621F05146D002A1127 /* CITest */,
				197A2E761F05146E002A1127 /* CITestTests */,
			);
		};
/* End PBXProject section */

/* Begin PBXResourcesBuildPhase section */
		197A2E611F05146D002A1127 /* Resources */ = {
			isa = PBXResourcesBuildPhase;
			buildActionMask = 2147483647;
			files = (
				197A2E711F05146E002A1127 /* LaunchScreen.storyboard in Resources */,
				197A2E6E1F05146E002A1127 /* Assets.xcassets in Resources */,
				197A2E6C1F05146E002A1127 /* Main.storyboard in Resources */,
			);
			runOnlyForDeploymentPostprocessing = 0;
		};
		197A2E751F05146E002A1127 /* Resources */ = {
			isa = PBXResourcesBuildPhase;
			buildActionMask = 2147483647;
			files = (
			);
			runOnlyForDeploymentPostprocessing = 0;
		};
/* End PBXResourcesBuildPhase section */

/* Begin PBXSourcesBuildPhase section */
		197A2E5F1F05146D002A1127 /* Sources */ = {
			isa = PBXSourcesBuildPhase;
			buildActionMask = 2147483647;
			files = (
				197A2E691F05146E002A1127 /* ViewController.swift in Sources */,
				197A2E671F05146E002A1127 /* AppDelegate.swift in Sources */,
			);
			runOnlyForDeploymentPostprocessing = 0;
		};
		197A2E731F05146E002A1127 /* Sources */ = {
			isa = PBXSourcesBuildPhase;
			buildActionMask = 2147483647;
			files = (
				197A2E7C1F05146E002A1127 /* CITestTests.swift in Sources */,
			);
			runOnlyForDeploymentPostprocessing = 0;
		};
/* End PBXSourcesBuildPhase section */

/* Begin PBXTargetDependency section */
		197A2E791F05146E002A1127 /* PBXTargetDependency */ = {
			isa = PBXTargetDependency;
			target = 197A2E621F05146D002A1127 /* CITest */;
			targetProxy = 197A2E781F05146E002A1127 /* PBXContainerItemProxy */;
		};
/* End PBXTargetDependency section */

/* Begin PBXVariantGroup section */
		197A2E6A1F05146E002A1127 /* Main.storyboard */ = {
			isa = PBXVariantGroup;
			children = (
				197A2E6B1F05146E002A1127 /* Base */,
			);
			name = Main.storyboard;
			sourceTree = "<group>";
		};
		197A2E6F1F05146E002A1127 /* LaunchScreen.storyboard */ = {
			isa = PBXVariantGroup;
			children = (
				197A2E701F05146E002A1127 /* Base */,
			);
			name = LaunchScreen.storyboard;
			sourceTree = "<group>";
		};
/* End PBXVariantGroup section */

/* Begin XCBuildConfiguration section */
		197A2E7E1F05146E002A1127 /* Debug */ = {
			isa = XCBuildConfiguration;
			buildSettings = {
				ALWAYS_SEARCH_USER_PATHS = NO;
				CLANG_ANALYZER_NONNULL = YES;
				CLANG_ANALYZER_NUMBER_OBJECT_CONVERSION = YES_AGGRESSIVE;
				CLANG_CXX_LANGUAGE_STANDARD = "gnu++0x";
				CLANG_CXX_LIBRARY = "libc++";
				CLANG_ENABLE_MODULES = YES;
				CLANG_ENABLE_OBJC_ARC = YES;
				CLANG_WARN_BOOL_CONVERSION = YES;
				CLANG_WARN_CONSTANT_CONVERSION = YES;
				CLANG_WARN_DIRECT_OBJC_ISA_USAGE = YES_ERROR;
				CLANG_WARN_DOCUMENTATION_COMMENTS = YES;
				CLANG_WARN_EMPTY_BODY = YES;
				CLANG_WARN_ENUM_CONVERSION = YES;
				CLANG_WARN_INFINITE_RECURSION = YES;
				CLANG_WARN_INT_CONVERSION = YES;
				CLANG_WARN_OBJC_ROOT_CLASS = YES_ERROR;
				CLANG_WARN_SUSPICIOUS_MOVE = YES;
				CLANG_WARN_UNREACHABLE_CODE = YES;
				CLANG_WARN__DUPLICATE_METHOD_MATCH = YES;
				"CODE_SIGN_IDENTITY[sdk=iphoneos*]" = "iPhone Developer";
				COPY_PHASE_STRIP = NO;
				DEBUG_INFORMATION_FORMAT = dwarf;
				ENABLE_STRICT_OBJC_MSGSEND = YES;
				ENABLE_TESTABILITY = YES;
				GCC_C_LANGUAGE_STANDARD = gnu99;
				GCC_DYNAMIC_NO_PIC = NO;
				GCC_NO_COMMON_BLOCKS = YES;
				GCC_OPTIMIZATION_LEVEL = 0;
				GCC_PREPROCESSOR_DEFINITIONS = (
					"DEBUG=1",
					"$(inherited)",
				);
				GCC_WARN_64_TO_32_BIT_CONVERSION = YES;
				GCC_WARN_ABOUT_RETURN_TYPE = YES_ERROR;
				GCC_WARN_UNDECLARED_SELECTOR = YES;
				GCC_WARN_UNINITIALIZED_AUTOS = YES_AGGRESSIVE;
				GCC_WARN_UNUSED_FUNCTION = YES;
				GCC_WARN_UNUSED_VARIABLE = YES;
				IPHONEOS_DEPLOYMENT_TARGET = 10.3;
				MTL_ENABLE_DEBUG_INFO = YES;
				ONLY_ACTIVE_ARCH = YES;
				SDKROOT = iphoneos;
				SWIFT_ACTIVE_COMPILATION_CONDITIONS = DEBUG;
				SWIFT_OPTIMIZATION_LEVEL = "-Onone";
			};
			name = Debug;
		};
		197A2E7F1F05146E002A1127 /* Release */ = {
			isa = XCBuildConfiguration;
			buildSettings = {
				ALWAYS_SEARCH_USER_PATHS = NO;
				CLANG_ANALYZER_NONNULL = YES;
				CLANG_ANALYZER_NUMBER_OBJECT_CONVERSION = YES_AGGRESSIVE;
				CLANG_CXX_LANGUAGE_STANDARD = "gnu++0x";
				CLANG_CXX_LIBRARY = "libc++";
				CLANG_ENABLE_MODULES = YES;
				CLANG_ENABLE_OBJC_ARC = YES;
				CLANG_WARN_BOOL_CONVERSION = YES;
				CLANG_WARN_CONSTANT_CONVERSION = YES;
				CLANG_WARN_DIRECT_OBJC_ISA_USAGE = YES_ERROR;
				CLANG_WARN_DOCUMENTATION_COMMENTS = YES;
				CLANG_WARN_EMPTY_BODY = YES;
				CLANG_WARN_ENUM_CONVERSION = YES;
				CLANG_WARN_INFINITE_RECURSION = YES;
				CLANG_WARN_INT_CONVERSION = YES;
				CLANG_WARN_OBJC_ROOT_CLASS = YES_ERROR;
				CLANG_WARN_SUSPICIOUS_MOVE = YES;
				CLANG_WARN_UNREACHABLE_CODE = YES;
				CLANG_WARN__DUPLICATE_METHOD_MATCH = YES;
				"CODE_SIGN_IDENTITY[sdk=iphoneos*]" = "iPhone Developer";
				COPY_PHASE_STRIP = NO;
				DEBUG_INFORMATION_FORMAT = "dwarf-with-dsym";
				ENABLE_NS_ASSERTIONS = NO;
				ENABLE_STRICT_OBJC_MSGSEND = YES;
				GCC_C_LANGUAGE_STANDARD = gnu99;
				GCC_NO_COMMON_BLOCKS = YES;
				GCC_WARN_64_TO_32_BIT_CONVERSION = YES;
				GCC_WARN_ABOUT_RETURN_TYPE = YES_ERROR;
				GCC_WARN_UNDECLARED_SELECTOR = YES;
				GCC_WARN_UNINITIALIZED_AUTOS = YES_AGGRESSIVE;
				GCC_WARN_UNUSED_FUNCTION = YES;
				GCC_WARN_UNUSED_VARIABLE = YES;
				IPHONEOS_DEPLOYMENT_TARGET = 10.3;
				MTL_ENABLE_DEBUG_INFO = NO;
				SDKROOT = iphoneos;
				SWIFT_OPTIMIZATION_LEVEL = "-Owholemodule";
				VALIDATE_PRODUCT = YES;
			};
			name = Release;
		};
		197A2E811F05146E002A1127 /* Debug */ = {
			isa = XCBuildConfiguration;
			buildSettings = {
				ASSETCATALOG_COMPILER_APPICON_NAME = AppIcon;
				INFOPLIST_FILE = CITest/Info.plist;
				LD_RUNPATH_SEARCH_PATHS = "$(inherited) @executable_path/Frameworks";
				PRODUCT_BUNDLE_IDENTIFIER = com.ucom.CITest;
				PRODUCT_NAME = "$(TARGET_NAME)";
				SWIFT_VERSION = 3.0;
			};
			name = Debug;
		};
		197A2E821F05146E002A1127 /* Release */ = {
			isa = XCBuildConfiguration;
			buildSettings = {
				ASSETCATALOG_COMPILER_APPICON_NAME = AppIcon;
				INFOPLIST_FILE = CITest/Info.plist;
				LD_RUNPATH_SEARCH_PATHS = "$(inherited) @executable_path/Frameworks";
				PRODUCT_BUNDLE_IDENTIFIER = com.ucom.CITest;
				PRODUCT_NAME = "$(TARGET_NAME)";
				SWIFT_VERSION = 3.0;
			};
			name = Release;
		};
		197A2E841F05146E002A1127 /* Debug */ = {
			isa = XCBuildConfiguration;
			buildSettings = {
				ALWAYS_EMBED_SWIFT_STANDARD_LIBRARIES = YES;
				BUNDLE_LOADER = "$(TEST_HOST)";
				INFOPLIST_FILE = CITestTests/Info.plist;
				LD_RUNPATH_SEARCH_PATHS = "$(inherited) @executable_path/Frameworks @loader_path/Frameworks";
				PRODUCT_BUNDLE_IDENTIFIER = com.ucom.CITestTests;
				PRODUCT_NAME = "$(TARGET_NAME)";
				SWIFT_VERSION = 3.0;
				TEST_HOST = "$(BUILT_PRODUCTS_DIR)/CITest.app/CITest";
			};
			name = Debug;
		};
		197A2E851F05146E002A1127 /* Release */ = {
			isa = XCBuildConfiguration;
			buildSettings = {
				ALWAYS_EMBED_SWIFT_STANDARD_LIBRARIES = YES;
				BUNDLE_LOADER = "$(TEST_HOST)";
				INFOPLIST_FILE = CITestTests/Info.plist;
				LD_RUNPATH_SEARCH_PATHS = "$(inherited) @executable_path/Frameworks @loader_path/Frameworks";
				PRODUCT_BUNDLE_IDENTIFIER = com.ucom.CITestTests;
				PRODUCT_NAME = "$(TARGET_NAME)";
				SWIFT_VERSION = 3.0;
				TEST_HOST = "$(BUILT_PRODUCTS_DIR)/CITest.app/CITest";
			};
			name = Release;
		};
/* End XCBuildConfiguration section */

/* Begin XCConfigurationList section */
		197A2E5E1F05146D002A1127 /* Build configuration list for PBXProject "CITest" */ = {
			isa = XCConfigurationList;
			buildConfigurations = (
				197A2E7E1F05146E002A1127 /* Debug */,
				197A2E7F1F05146E002A1127 /* Release */,
			);
			defaultConfigurationIsVisible = 0;
			defaultConfigurationName = Release;
		};
		197A2E801F05146E002A1127 /* Build configuration list for PBXNativeTarget "CITest" */ = {
			isa = XCConfigurationList;
			buildConfigurations = (
				197A2E811F05146E002A1127 /* Debug */,
				197A2E821F05146E002A1127 /* Release */,
			);
			defaultConfigurationIsVisible = 0;
		};
		197A2E831F05146E002A1127 /* Build configuration list for PBXNativeTarget "CITestTests" */ = {
			isa = XCConfigurationList;
			buildConfigurations = (
				197A2E841F05146E002A1127 /* Debug */,
				197A2E851F05146E002A1127 /* Release */,
			);
			defaultConfigurationIsVisible = 0;
		};
/* End XCConfigurationList section */
	};
	rootObject = 197A2E5B1F05146D002A1127 /* Project object */;
}
